
Microsoft Visual Studio Solution File, Format Version 12.00
# Visual Studio Version 17
VisualStudioVersion = 17.8.34316.72
MinimumVisualStudioVersion = 10.0.40219.1
Project("{FAE04EC0-301F-11D3-BF4B-00C04F79EFBC}") = "Sucre_RandomValue", "Sucre_RandomValue\Sucre_RandomValue.csproj", "{21E7FD6E-41B4-41FE-85AE-06770D359B71}"
EndProject
Global
	GlobalSection(SolutionConfigurationPlatforms) = preSolution
		Debug|Any CPU = Debug|Any CPU
		Release|Any CPU = Release|Any CPU
	EndGlobalSection
	GlobalSection(ProjectConfigurationPlatforms) = postSolution
		{21E7FD6E-41B4-41FE-85AE-06770D359B71}.Debug|Any CPU.ActiveCfg = Debug|Any CPU
		{21E7FD6E-41B4-41FE-85AE-06770D359B71}.Debug|Any CPU.Build.0 = Debug|Any CPU
		{21E7FD6E-41B4-41FE-85AE-06770D359B71}.Release|Any CPU.ActiveCfg = Release|Any CPU
		{21E7FD6E-41B4-41FE-85AE-06770D359B71}.Release|Any CPU.Build.0 = Release|Any CPU
	EndGlobalSection
	GlobalSection(SolutionProperties) = preSolution
		HideSolutionNode = FALSE
	EndGlobalSection
	GlobalSection(ExtensibilityGlobals) = postSolution
		SolutionGuid = {8AF968F7-924D-4BFD-9CA6-BEB4B45C8EE2}
	EndGlobalSection
EndGlobal
